
Microsoft Visual Studio Solution File, Format Version 12.00
# Visual Studio Version 16
VisualStudioVersion = 16.0.31205.134
MinimumVisualStudioVersion = 10.0.40219.1
Project("{FAE04EC0-301F-11D3-BF4B-00C04F79EFBC}") = "HW1", "HW1\HW1.csproj", "{F1BEB227-329A-465F-8855-28F76591895B}"
EndProject
Project("{FAE04EC0-301F-11D3-BF4B-00C04F79EFBC}") = "HW2", "HW2\HW2.csproj", "{C21C9EB5-5891-40F7-A2FA-DBE9CCAA60C6}"
EndProject
Project("{FAE04EC0-301F-11D3-BF4B-00C04F79EFBC}") = "HW3", "HW3\HW3.csproj", "{82571BC0-2F42-4C4C-A443-5DAFEE0F442F}"
EndProject
Global
	GlobalSection(SolutionConfigurationPlatforms) = preSolution
		Debug|Any CPU = Debug|Any CPU
		Release|Any CPU = Release|Any CPU
	EndGlobalSection
	GlobalSection(ProjectConfigurationPlatforms) = postSolution
		{F1BEB227-329A-465F-8855-28F76591895B}.Debug|Any CPU.ActiveCfg = Debug|Any CPU
		{F1BEB227-329A-465F-8855-28F76591895B}.Debug|Any CPU.Build.0 = Debug|Any CPU
		{F1BEB227-329A-465F-8855-28F76591895B}.Release|Any CPU.ActiveCfg = Release|Any CPU
		{F1BEB227-329A-465F-8855-28F76591895B}.Release|Any CPU.Build.0 = Release|Any CPU
		{C21C9EB5-5891-40F7-A2FA-DBE9CCAA60C6}.Debug|Any CPU.ActiveCfg = Debug|Any CPU
		{C21C9EB5-5891-40F7-A2FA-DBE9CCAA60C6}.Debug|Any CPU.Build.0 = Debug|Any CPU
		{C21C9EB5-5891-40F7-A2FA-DBE9CCAA60C6}.Release|Any CPU.ActiveCfg = Release|Any CPU
		{C21C9EB5-5891-40F7-A2FA-DBE9CCAA60C6}.Release|Any CPU.Build.0 = Release|Any CPU
		{82571BC0-2F42-4C4C-A443-5DAFEE0F442F}.Debug|Any CPU.ActiveCfg = Debug|Any CPU
		{82571BC0-2F42-4C4C-A443-5DAFEE0F442F}.Debug|Any CPU.Build.0 = Debug|Any CPU
		{82571BC0-2F42-4C4C-A443-5DAFEE0F442F}.Release|Any CPU.ActiveCfg = Release|Any CPU
		{82571BC0-2F42-4C4C-A443-5DAFEE0F442F}.Release|Any CPU.Build.0 = Release|Any CPU
	EndGlobalSection
	GlobalSection(SolutionProperties) = preSolution
		HideSolutionNode = FALSE
	EndGlobalSection
	GlobalSection(ExtensibilityGlobals) = postSolution
		SolutionGuid = {6256FD1C-E3B2-4754-935B-468947ECABDF}
	EndGlobalSection
EndGlobal
